// !$*UTF8*$!
{
	archiveVersion = 1;
	classes = {
	};
	objectVersion = 50;
	objects = {

/* Begin PBXBuildFile section */
		BB36D5E02316C36C004894DD /* BackgroundViewController.swift in Sources */ = {isa = PBXBuildFile; fileRef = BB36D5DF2316C36C004894DD /* BackgroundViewController.swift */; };
		BB36D5E22316C3AE004894DD /* BackgroundView.swift in Sources */ = {isa = PBXBuildFile; fileRef = BB36D5E12316C3AE004894DD /* BackgroundView.swift */; };
		BB5C09A12313DC860025C260 /* EdgedListViewController.swift in Sources */ = {isa = PBXBuildFile; fileRef = BB5C09A02313DC860025C260 /* EdgedListViewController.swift */; };
		BB5C09A323140F010025C260 /* ComplexGroupViewController.swift in Sources */ = {isa = PBXBuildFile; fileRef = BB5C09A223140F010025C260 /* ComplexGroupViewController.swift */; };
		BB66AB4B231273CF008A8055 /* TextCell.swift in Sources */ = {isa = PBXBuildFile; fileRef = BB66AB49231273CF008A8055 /* TextCell.swift */; };
		BB66AB4C231273CF008A8055 /* TextCell.xib in Resources */ = {isa = PBXBuildFile; fileRef = BB66AB4A231273CF008A8055 /* TextCell.xib */; };
		BB66AB4E23127411008A8055 /* MenuItem.swift in Sources */ = {isa = PBXBuildFile; fileRef = BB66AB4D23127411008A8055 /* MenuItem.swift */; };
		BB66AB5023127481008A8055 /* ListViewController.swift in Sources */ = {isa = PBXBuildFile; fileRef = BB66AB4F23127481008A8055 /* ListViewController.swift */; };
		BB6BFBC0231269BC00F4783D /* AppDelegate.swift in Sources */ = {isa = PBXBuildFile; fileRef = BB6BFBBF231269BC00F4783D /* AppDelegate.swift */; };
		BB6BFBC2231269BC00F4783D /* SceneDelegate.swift in Sources */ = {isa = PBXBuildFile; fileRef = BB6BFBC1231269BC00F4783D /* SceneDelegate.swift */; };
		BB6BFBC4231269BC00F4783D /* MainViewController.swift in Sources */ = {isa = PBXBuildFile; fileRef = BB6BFBC3231269BC00F4783D /* MainViewController.swift */; };
		BB6BFBC7231269BC00F4783D /* Main.storyboard in Resources */ = {isa = PBXBuildFile; fileRef = BB6BFBC5231269BC00F4783D /* Main.storyboard */; };
		BB6BFBC9231269BE00F4783D /* Assets.xcassets in Resources */ = {isa = PBXBuildFile; fileRef = BB6BFBC8231269BE00F4783D /* Assets.xcassets */; };
		BB6BFBCC231269BE00F4783D /* LaunchScreen.storyboard in Resources */ = {isa = PBXBuildFile; fileRef = BB6BFBCA231269BE00F4783D /* LaunchScreen.storyboard */; };
		BB6BFBD423126A0900F4783D /* Preview.swift in Sources */ = {isa = PBXBuildFile; fileRef = BB6BFBD323126A0900F4783D /* Preview.swift */; };
		BB6BFBD823126E9900F4783D /* ListCell.swift in Sources */ = {isa = PBXBuildFile; fileRef = BB6BFBD623126E9900F4783D /* ListCell.swift */; };
		BB6BFBD923126E9900F4783D /* ListCell.xib in Resources */ = {isa = PBXBuildFile; fileRef = BB6BFBD723126E9900F4783D /* ListCell.xib */; };
		BB781E6C231550FD003F48F3 /* CheckmarkView.swift in Sources */ = {isa = PBXBuildFile; fileRef = BB781E6A231550FD003F48F3 /* CheckmarkView.swift */; };
		BB781E6D231550FD003F48F3 /* CheckmarkView.xib in Resources */ = {isa = PBXBuildFile; fileRef = BB781E6B231550FD003F48F3 /* CheckmarkView.xib */; };
		BB781E6F231563FA003F48F3 /* CheckmarkGridViewController.swift in Sources */ = {isa = PBXBuildFile; fileRef = BB781E6E231563FA003F48F3 /* CheckmarkGridViewController.swift */; };
		BBBBCFD4231295D800D32F3D /* EstimatedListViewController.swift in Sources */ = {isa = PBXBuildFile; fileRef = BBBBCFD3231295D800D32F3D /* EstimatedListViewController.swift */; };
		BBBBCFD623129CCC00D32F3D /* EstimatedGridViewController.swift in Sources */ = {isa = PBXBuildFile; fileRef = BBBBCFD523129CCB00D32F3D /* EstimatedGridViewController.swift */; };
		BBEE734623169F40000F27C5 /* HeaderFooterViewController.swift in Sources */ = {isa = PBXBuildFile; fileRef = BBEE734523169F40000F27C5 /* HeaderFooterViewController.swift */; };
		BBEE73492316A11E000F27C5 /* TitleView.swift in Sources */ = {isa = PBXBuildFile; fileRef = BBEE73472316A11E000F27C5 /* TitleView.swift */; };
		BBEE734A2316A11E000F27C5 /* TitleView.xib in Resources */ = {isa = PBXBuildFile; fileRef = BBEE73482316A11E000F27C5 /* TitleView.xib */; };
		BBFAC2DA2314FB5C007DF722 /* OrthoViewController.swift in Sources */ = {isa = PBXBuildFile; fileRef = BBFAC2D92314FB5C007DF722 /* OrthoViewController.swift */; };
/* End PBXBuildFile section */

/* Begin PBXFileReference section */
		BB36D5DF2316C36C004894DD /* BackgroundViewController.swift */ = {isa = PBXFileReference; lastKnownFileType = sourcecode.swift; path = BackgroundViewController.swift; sourceTree = "<group>"; };
		BB36D5E12316C3AE004894DD /* BackgroundView.swift */ = {isa = PBXFileReference; lastKnownFileType = sourcecode.swift; path = BackgroundView.swift; sourceTree = "<group>"; };
		BB5C09A02313DC860025C260 /* EdgedListViewController.swift */ = {isa = PBXFileReference; lastKnownFileType = sourcecode.swift; path = EdgedListViewController.swift; sourceTree = "<group>"; };
		BB5C09A223140F010025C260 /* ComplexGroupViewController.swift */ = {isa = PBXFileReference; lastKnownFileType = sourcecode.swift; path = ComplexGroupViewController.swift; sourceTree = "<group>"; };
		BB66AB49231273CF008A8055 /* TextCell.swift */ = {isa = PBXFileReference; lastKnownFileType = sourcecode.swift; path = TextCell.swift; sourceTree = "<group>"; };
		BB66AB4A231273CF008A8055 /* TextCell.xib */ = {isa = PBXFileReference; lastKnownFileType = file.xib; path = TextCell.xib; sourceTree = "<group>"; };
		BB66AB4D23127411008A8055 /* MenuItem.swift */ = {isa = PBXFileReference; lastKnownFileType = sourcecode.swift; path = MenuItem.swift; sourceTree = "<group>"; };
		BB66AB4F23127481008A8055 /* ListViewController.swift */ = {isa = PBXFileReference; lastKnownFileType = sourcecode.swift; path = ListViewController.swift; sourceTree = "<group>"; };
		BB6BFBBC231269BC00F4783D /* UICollectionViewCompositionalLayout.app */ = {isa = PBXFileReference; explicitFileType = wrapper.application; includeInIndex = 0; path = UICollectionViewCompositionalLayout.app; sourceTree = BUILT_PRODUCTS_DIR; };
		BB6BFBBF231269BC00F4783D /* AppDelegate.swift */ = {isa = PBXFileReference; lastKnownFileType = sourcecode.swift; path = AppDelegate.swift; sourceTree = "<group>"; };
		BB6BFBC1231269BC00F4783D /* SceneDelegate.swift */ = {isa = PBXFileReference; lastKnownFileType = sourcecode.swift; path = SceneDelegate.swift; sourceTree = "<group>"; };
		BB6BFBC3231269BC00F4783D /* MainViewController.swift */ = {isa = PBXFileReference; lastKnownFileType = sourcecode.swift; path = MainViewController.swift; sourceTree = "<group>"; };
		BB6BFBC6231269BC00F4783D /* Base */ = {isa = PBXFileReference; lastKnownFileType = file.storyboard; name = Base; path = Base.lproj/Main.storyboard; sourceTree = "<group>"; };
		BB6BFBC8231269BE00F4783D /* Assets.xcassets */ = {isa = PBXFileReference; lastKnownFileType = folder.assetcatalog; path = Assets.xcassets; sourceTree = "<group>"; };
		BB6BFBCB231269BE00F4783D /* Base */ = {isa = PBXFileReference; lastKnownFileType = file.storyboard; name = Base; path = Base.lproj/LaunchScreen.storyboard; sourceTree = "<group>"; };
		BB6BFBCD231269BE00F4783D /* Info.plist */ = {isa = PBXFileReference; lastKnownFileType = text.plist.xml; path = Info.plist; sourceTree = "<group>"; };
		BB6BFBD323126A0900F4783D /* Preview.swift */ = {isa = PBXFileReference; lastKnownFileType = sourcecode.swift; path = Preview.swift; sourceTree = "<group>"; };
		BB6BFBD623126E9900F4783D /* ListCell.swift */ = {isa = PBXFileReference; lastKnownFileType = sourcecode.swift; path = ListCell.swift; sourceTree = "<group>"; };
		BB6BFBD723126E9900F4783D /* ListCell.xib */ = {isa = PBXFileReference; lastKnownFileType = file.xib; path = ListCell.xib; sourceTree = "<group>"; };
		BB781E6A231550FD003F48F3 /* CheckmarkView.swift */ = {isa = PBXFileReference; lastKnownFileType = sourcecode.swift; path = CheckmarkView.swift; sourceTree = "<group>"; };
		BB781E6B231550FD003F48F3 /* CheckmarkView.xib */ = {isa = PBXFileReference; lastKnownFileType = file.xib; path = CheckmarkView.xib; sourceTree = "<group>"; };
		BB781E6E231563FA003F48F3 /* CheckmarkGridViewController.swift */ = {isa = PBXFileReference; lastKnownFileType = sourcecode.swift; path = CheckmarkGridViewController.swift; sourceTree = "<group>"; };
		BBBBCFD3231295D800D32F3D /* EstimatedListViewController.swift */ = {isa = PBXFileReference; lastKnownFileType = sourcecode.swift; path = EstimatedListViewController.swift; sourceTree = "<group>"; };
		BBBBCFD523129CCB00D32F3D /* EstimatedGridViewController.swift */ = {isa = PBXFileReference; lastKnownFileType = sourcecode.swift; path = EstimatedGridViewController.swift; sourceTree = "<group>"; };
		BBEE734523169F40000F27C5 /* HeaderFooterViewController.swift */ = {isa = PBXFileReference; lastKnownFileType = sourcecode.swift; path = HeaderFooterViewController.swift; sourceTree = "<group>"; };
		BBEE73472316A11E000F27C5 /* TitleView.swift */ = {isa = PBXFileReference; lastKnownFileType = sourcecode.swift; path = TitleView.swift; sourceTree = "<group>"; };
		BBEE73482316A11E000F27C5 /* TitleView.xib */ = {isa = PBXFileReference; lastKnownFileType = file.xib; path = TitleView.xib; sourceTree = "<group>"; };
		BBFAC2D92314FB5C007DF722 /* OrthoViewController.swift */ = {isa = PBXFileReference; lastKnownFileType = sourcecode.swift; path = OrthoViewController.swift; sourceTree = "<group>"; };
/* End PBXFileReference section */

/* Begin PBXFrameworksBuildPhase section */
		BB6BFBB9231269BC00F4783D /* Frameworks */ = {
			isa = PBXFrameworksBuildPhase;
			buildActionMask = 2147483647;
			files = (
			);
			runOnlyForDeploymentPostprocessing = 0;
		};
/* End PBXFrameworksBuildPhase section */

/* Begin PBXGroup section */
		BB66AB48231273A1008A8055 /* ViewControllers */ = {
			isa = PBXGroup;
			children = (
				BB66AB4F23127481008A8055 /* ListViewController.swift */,
				BB5C09A02313DC860025C260 /* EdgedListViewController.swift */,
				BBBBCFD523129CCB00D32F3D /* EstimatedGridViewController.swift */,
				BBBBCFD3231295D800D32F3D /* EstimatedListViewController.swift */,
				BB5C09A223140F010025C260 /* ComplexGroupViewController.swift */,
				BBFAC2D92314FB5C007DF722 /* OrthoViewController.swift */,
				BB781E6E231563FA003F48F3 /* CheckmarkGridViewController.swift */,
				BBEE734523169F40000F27C5 /* HeaderFooterViewController.swift */,
				BB36D5DF2316C36C004894DD /* BackgroundViewController.swift */,
			);
			path = ViewControllers;
			sourceTree = "<group>";
		};
		BB6BFBB3231269BC00F4783D = {
			isa = PBXGroup;
			children = (
				BB6BFBBE231269BC00F4783D /* UICollectionViewCompositionalLayout */,
				BB6BFBBD231269BC00F4783D /* Products */,
			);
			sourceTree = "<group>";
		};
		BB6BFBBD231269BC00F4783D /* Products */ = {
			isa = PBXGroup;
			children = (
				BB6BFBBC231269BC00F4783D /* UICollectionViewCompositionalLayout.app */,
			);
			name = Products;
			sourceTree = "<group>";
		};
		BB6BFBBE231269BC00F4783D /* UICollectionViewCompositionalLayout */ = {
			isa = PBXGroup;
			children = (
				BB66AB48231273A1008A8055 /* ViewControllers */,
				BB781E6923155096003F48F3 /* Views */,
				BB6BFBD523126D6B00F4783D /* Cells */,
				BB6BFBBF231269BC00F4783D /* AppDelegate.swift */,
				BB6BFBC1231269BC00F4783D /* SceneDelegate.swift */,
				BB6BFBC3231269BC00F4783D /* MainViewController.swift */,
				BB66AB4D23127411008A8055 /* MenuItem.swift */,
				BB6BFBD323126A0900F4783D /* Preview.swift */,
				BB6BFBC5231269BC00F4783D /* Main.storyboard */,
				BB6BFBC8231269BE00F4783D /* Assets.xcassets */,
				BB6BFBCA231269BE00F4783D /* LaunchScreen.storyboard */,
				BB6BFBCD231269BE00F4783D /* Info.plist */,
			);
			path = UICollectionViewCompositionalLayout;
			sourceTree = "<group>";
		};
		BB6BFBD523126D6B00F4783D /* Cells */ = {
			isa = PBXGroup;
			children = (
				BB6BFBD623126E9900F4783D /* ListCell.swift */,
				BB6BFBD723126E9900F4783D /* ListCell.xib */,
				BB66AB49231273CF008A8055 /* TextCell.swift */,
				BB66AB4A231273CF008A8055 /* TextCell.xib */,
			);
			path = Cells;
			sourceTree = "<group>";
		};
		BB781E6923155096003F48F3 /* Views */ = {
			isa = PBXGroup;
			children = (
				BB781E6A231550FD003F48F3 /* CheckmarkView.swift */,
				BB781E6B231550FD003F48F3 /* CheckmarkView.xib */,
				BBEE73472316A11E000F27C5 /* TitleView.swift */,
				BBEE73482316A11E000F27C5 /* TitleView.xib */,
				BB36D5E12316C3AE004894DD /* BackgroundView.swift */,
			);
			path = Views;
			sourceTree = "<group>";
		};
/* End PBXGroup section */

/* Begin PBXNativeTarget section */
		BB6BFBBB231269BC00F4783D /* UICollectionViewCompositionalLayout */ = {
			isa = PBXNativeTarget;
			buildConfigurationList = BB6BFBD0231269BE00F4783D /* Build configuration list for PBXNativeTarget "UICollectionViewCompositionalLayout" */;
			buildPhases = (
				BB6BFBB8231269BC00F4783D /* Sources */,
				BB6BFBB9231269BC00F4783D /* Frameworks */,
				BB6BFBBA231269BC00F4783D /* Resources */,
			);
			buildRules = (
			);
			dependencies = (
			);
			name = UICollectionViewCompositionalLayout;
			productName = UICollectionViewCompositionalLayout;
			productReference = BB6BFBBC231269BC00F4783D /* UICollectionViewCompositionalLayout.app */;
			productType = "com.apple.product-type.application";
		};
/* End PBXNativeTarget section */

/* Begin PBXProject section */
		BB6BFBB4231269BC00F4783D /* Project object */ = {
			isa = PBXProject;
			attributes = {
				LastSwiftUpdateCheck = 1100;
				LastUpgradeCheck = 1100;
				TargetAttributes = {
					BB6BFBBB231269BC00F4783D = {
						CreatedOnToolsVersion = 11.0;
					};
				};
			};
			buildConfigurationList = BB6BFBB7231269BC00F4783D /* Build configuration list for PBXProject "UICollectionViewCompositionalLayout" */;
			compatibilityVersion = "Xcode 9.3";
			developmentRegion = en;
			hasScannedForEncodings = 0;
			knownRegions = (
				en,
				Base,
			);
			mainGroup = BB6BFBB3231269BC00F4783D;
			productRefGroup = BB6BFBBD231269BC00F4783D /* Products */;
			projectDirPath = "";
			projectRoot = "";
			targets = (
				BB6BFBBB231269BC00F4783D /* UICollectionViewCompositionalLayout */,
			);
		};
/* End PBXProject section */

/* Begin PBXResourcesBuildPhase section */
		BB6BFBBA231269BC00F4783D /* Resources */ = {
			isa = PBXResourcesBuildPhase;
			buildActionMask = 2147483647;
			files = (
				BB6BFBCC231269BE00F4783D /* LaunchScreen.storyboard in Resources */,
				BBEE734A2316A11E000F27C5 /* TitleView.xib in Resources */,
				BB6BFBD923126E9900F4783D /* ListCell.xib in Resources */,
				BB781E6D231550FD003F48F3 /* CheckmarkView.xib in Resources */,
				BB66AB4C231273CF008A8055 /* TextCell.xib in Resources */,
				BB6BFBC9231269BE00F4783D /* Assets.xcassets in Resources */,
				BB6BFBC7231269BC00F4783D /* Main.storyboard in Resources */,
			);
			runOnlyForDeploymentPostprocessing = 0;
		};
/* End PBXResourcesBuildPhase section */

/* Begin PBXSourcesBuildPhase section */
		BB6BFBB8231269BC00F4783D /* Sources */ = {
			isa = PBXSourcesBuildPhase;
			buildActionMask = 2147483647;
			files = (
				BB781E6C231550FD003F48F3 /* CheckmarkView.swift in Sources */,
				BB66AB4E23127411008A8055 /* MenuItem.swift in Sources */,
				BBFAC2DA2314FB5C007DF722 /* OrthoViewController.swift in Sources */,
				BB6BFBC4231269BC00F4783D /* MainViewController.swift in Sources */,
				BBEE734623169F40000F27C5 /* HeaderFooterViewController.swift in Sources */,
				BB6BFBC0231269BC00F4783D /* AppDelegate.swift in Sources */,
				BB36D5E02316C36C004894DD /* BackgroundViewController.swift in Sources */,
				BB6BFBD423126A0900F4783D /* Preview.swift in Sources */,
				BB6BFBD823126E9900F4783D /* ListCell.swift in Sources */,
				BB5C09A12313DC860025C260 /* EdgedListViewController.swift in Sources */,
				BBBBCFD4231295D800D32F3D /* EstimatedListViewController.swift in Sources */,
				BB66AB4B231273CF008A8055 /* TextCell.swift in Sources */,
				BBBBCFD623129CCC00D32F3D /* EstimatedGridViewController.swift in Sources */,
				BBEE73492316A11E000F27C5 /* TitleView.swift in Sources */,
				BB66AB5023127481008A8055 /* ListViewController.swift in Sources */,
				BB5C09A323140F010025C260 /* ComplexGroupViewController.swift in Sources */,
				BB6BFBC2231269BC00F4783D /* SceneDelegate.swift in Sources */,
				BB36D5E22316C3AE004894DD /* BackgroundView.swift in Sources */,
				BB781E6F231563FA003F48F3 /* CheckmarkGridViewController.swift in Sources */,
			);
			runOnlyForDeploymentPostprocessing = 0;
		};
/* End PBXSourcesBuildPhase section */

/* Begin PBXVariantGroup section */
		BB6BFBC5231269BC00F4783D /* Main.storyboard */ = {
			isa = PBXVariantGroup;
			children = (
				BB6BFBC6231269BC00F4783D /* Base */,
			);
			name = Main.storyboard;
			sourceTree = "<group>";
		};
		BB6BFBCA231269BE00F4783D /* LaunchScreen.storyboard */ = {
			isa = PBXVariantGroup;
			children = (
				BB6BFBCB231269BE00F4783D /* Base */,
			);
			name = LaunchScreen.storyboard;
			sourceTree = "<group>";
		};
/* End PBXVariantGroup section */

/* Begin XCBuildConfiguration section */
		BB6BFBCE231269BE00F4783D /* Debug */ = {
			isa = XCBuildConfiguration;
			buildSettings = {
				ALWAYS_SEARCH_USER_PATHS = NO;
				CLANG_ANALYZER_NONNULL = YES;
				CLANG_ANALYZER_NUMBER_OBJECT_CONVERSION = YES_AGGRESSIVE;
				CLANG_CXX_LANGUAGE_STANDARD = "gnu++14";
				CLANG_CXX_LIBRARY = "libc++";
				CLANG_ENABLE_MODULES = YES;
				CLANG_ENABLE_OBJC_ARC = YES;
				CLANG_ENABLE_OBJC_WEAK = YES;
				CLANG_WARN_BLOCK_CAPTURE_AUTORELEASING = YES;
				CLANG_WARN_BOOL_CONVERSION = YES;
				CLANG_WARN_COMMA = YES;
				CLANG_WARN_CONSTANT_CONVERSION = YES;
				CLANG_WARN_DEPRECATED_OBJC_IMPLEMENTATIONS = YES;
				CLANG_WARN_DIRECT_OBJC_ISA_USAGE = YES_ERROR;
				CLANG_WARN_DOCUMENTATION_COMMENTS = YES;
				CLANG_WARN_EMPTY_BODY = YES;
				CLANG_WARN_ENUM_CONVERSION = YES;
				CLANG_WARN_INFINITE_RECURSION = YES;
				CLANG_WARN_INT_CONVERSION = YES;
				CLANG_WARN_NON_LITERAL_NULL_CONVERSION = YES;
				CLANG_WARN_OBJC_IMPLICIT_RETAIN_SELF = YES;
				CLANG_WARN_OBJC_LITERAL_CONVERSION = YES;
				CLANG_WARN_OBJC_ROOT_CLASS = YES_ERROR;
				CLANG_WARN_RANGE_LOOP_ANALYSIS = YES;
				CLANG_WARN_STRICT_PROTOTYPES = YES;
				CLANG_WARN_SUSPICIOUS_MOVE = YES;
				CLANG_WARN_UNGUARDED_AVAILABILITY = YES_AGGRESSIVE;
				CLANG_WARN_UNREACHABLE_CODE = YES;
				CLANG_WARN__DUPLICATE_METHOD_MATCH = YES;
				COPY_PHASE_STRIP = NO;
				DEBUG_INFORMATION_FORMAT = dwarf;
				ENABLE_STRICT_OBJC_MSGSEND = YES;
				ENABLE_TESTABILITY = YES;
				GCC_C_LANGUAGE_STANDARD = gnu11;
				GCC_DYNAMIC_NO_PIC = NO;
				GCC_NO_COMMON_BLOCKS = YES;
				GCC_OPTIMIZATION_LEVEL = 0;
				GCC_PREPROCESSOR_DEFINITIONS = (
					"DEBUG=1",
					"$(inherited)",
				);
				GCC_WARN_64_TO_32_BIT_CONVERSION = YES;
				GCC_WARN_ABOUT_RETURN_TYPE = YES_ERROR;
				GCC_WARN_UNDECLARED_SELECTOR = YES;
				GCC_WARN_UNINITIALIZED_AUTOS = YES_AGGRESSIVE;
				GCC_WARN_UNUSED_FUNCTION = YES;
				GCC_WARN_UNUSED_VARIABLE = YES;
				IPHONEOS_DEPLOYMENT_TARGET = 13.0;
				MTL_ENABLE_DEBUG_INFO = INCLUDE_SOURCE;
				MTL_FAST_MATH = YES;
				ONLY_ACTIVE_ARCH = YES;
				SDKROOT = iphoneos;
				SWIFT_ACTIVE_COMPILATION_CONDITIONS = DEBUG;
				SWIFT_OPTIMIZATION_LEVEL = "-Onone";
			};
			name = Debug;
		};
		BB6BFBCF231269BE00F4783D /* Release */ = {
			isa = XCBuildConfiguration;
			buildSettings = {
				ALWAYS_SEARCH_USER_PATHS = NO;
				CLANG_ANALYZER_NONNULL = YES;
				CLANG_ANALYZER_NUMBER_OBJECT_CONVERSION = YES_AGGRESSIVE;
				CLANG_CXX_LANGUAGE_STANDARD = "gnu++14";
				CLANG_CXX_LIBRARY = "libc++";
				CLANG_ENABLE_MODULES = YES;
				CLANG_ENABLE_OBJC_ARC = YES;
				CLANG_ENABLE_OBJC_WEAK = YES;
				CLANG_WARN_BLOCK_CAPTURE_AUTORELEASING = YES;
				CLANG_WARN_BOOL_CONVERSION = YES;
				CLANG_WARN_COMMA = YES;
				CLANG_WARN_CONSTANT_CONVERSION = YES;
				CLANG_WARN_DEPRECATED_OBJC_IMPLEMENTATIONS = YES;
				CLANG_WARN_DIRECT_OBJC_ISA_USAGE = YES_ERROR;
				CLANG_WARN_DOCUMENTATION_COMMENTS = YES;
				CLANG_WARN_EMPTY_BODY = YES;
				CLANG_WARN_ENUM_CONVERSION = YES;
				CLANG_WARN_INFINITE_RECURSION = YES;
				CLANG_WARN_INT_CONVERSION = YES;
				CLANG_WARN_NON_LITERAL_NULL_CONVERSION = YES;
				CLANG_WARN_OBJC_IMPLICIT_RETAIN_SELF = YES;
				CLANG_WARN_OBJC_LITERAL_CONVERSION = YES;
				CLANG_WARN_OBJC_ROOT_CLASS = YES_ERROR;
				CLANG_WARN_RANGE_LOOP_ANALYSIS = YES;
				CLANG_WARN_STRICT_PROTOTYPES = YES;
				CLANG_WARN_SUSPICIOUS_MOVE = YES;
				CLANG_WARN_UNGUARDED_AVAILABILITY = YES_AGGRESSIVE;
				CLANG_WARN_UNREACHABLE_CODE = YES;
				CLANG_WARN__DUPLICATE_METHOD_MATCH = YES;
				COPY_PHASE_STRIP = NO;
				DEBUG_INFORMATION_FORMAT = "dwarf-with-dsym";
				ENABLE_NS_ASSERTIONS = NO;
				ENABLE_STRICT_OBJC_MSGSEND = YES;
				GCC_C_LANGUAGE_STANDARD = gnu11;
				GCC_NO_COMMON_BLOCKS = YES;
				GCC_WARN_64_TO_32_BIT_CONVERSION = YES;
				GCC_WARN_ABOUT_RETURN_TYPE = YES_ERROR;
				GCC_WARN_UNDECLARED_SELECTOR = YES;
				GCC_WARN_UNINITIALIZED_AUTOS = YES_AGGRESSIVE;
				GCC_WARN_UNUSED_FUNCTION = YES;
				GCC_WARN_UNUSED_VARIABLE = YES;
				IPHONEOS_DEPLOYMENT_TARGET = 13.0;
				MTL_ENABLE_DEBUG_INFO = NO;
				MTL_FAST_MATH = YES;
				SDKROOT = iphoneos;
				SWIFT_COMPILATION_MODE = wholemodule;
				SWIFT_OPTIMIZATION_LEVEL = "-O";
				VALIDATE_PRODUCT = YES;
			};
			name = Release;
		};
		BB6BFBD1231269BE00F4783D /* Debug */ = {
			isa = XCBuildConfiguration;
			buildSettings = {
				ASSETCATALOG_COMPILER_APPICON_NAME = AppIcon;
				CODE_SIGN_STYLE = Automatic;
				DEVELOPMENT_TEAM = WB4Y55EQPF;
				INFOPLIST_FILE = UICollectionViewCompositionalLayout/Info.plist;
				LD_RUNPATH_SEARCH_PATHS = (
					"$(inherited)",
					"@executable_path/Frameworks",
				);
				PRODUCT_BUNDLE_IDENTIFIER = com.research.UICollectionViewCompositionalLayout;
				PRODUCT_NAME = "$(TARGET_NAME)";
				SWIFT_VERSION = 5.0;
				TARGETED_DEVICE_FAMILY = "1,2";
			};
			name = Debug;
		};
		BB6BFBD2231269BE00F4783D /* Release */ = {
			isa = XCBuildConfiguration;
			buildSettings = {
				ASSETCATALOG_COMPILER_APPICON_NAME = AppIcon;
				CODE_SIGN_STYLE = Automatic;
				DEVELOPMENT_TEAM = WB4Y55EQPF;
				INFOPLIST_FILE = UICollectionViewCompositionalLayout/Info.plist;
				LD_RUNPATH_SEARCH_PATHS = (
					"$(inherited)",
					"@executable_path/Frameworks",
				);
				PRODUCT_BUNDLE_IDENTIFIER = com.research.UICollectionViewCompositionalLayout;
				PRODUCT_NAME = "$(TARGET_NAME)";
				SWIFT_VERSION = 5.0;
				TARGETED_DEVICE_FAMILY = "1,2";
			};
			name = Release;
		};
/* End XCBuildConfiguration section */

/* Begin XCConfigurationList section */
		BB6BFBB7231269BC00F4783D /* Build configuration list for PBXProject "UICollectionViewCompositionalLayout" */ = {
			isa = XCConfigurationList;
			buildConfigurations = (
				BB6BFBCE231269BE00F4783D /* Debug */,
				BB6BFBCF231269BE00F4783D /* Release */,
			);
			defaultConfigurationIsVisible = 0;
			defaultConfigurationName = Release;
		};
		BB6BFBD0231269BE00F4783D /* Build configuration list for PBXNativeTarget "UICollectionViewCompositionalLayout" */ = {
			isa = XCConfigurationList;
			buildConfigurations = (
				BB6BFBD1231269BE00F4783D /* Debug */,
				BB6BFBD2231269BE00F4783D /* Release */,
			);
			defaultConfigurationIsVisible = 0;
			defaultConfigurationName = Release;
		};
/* End XCConfigurationList section */
	};
	rootObject = BB6BFBB4231269BC00F4783D /* Project object */;
}
